// !$*UTF8*$!
{
	archiveVersion = 1;
	classes = {
	};
	objectVersion = 46;
	objects = {

/* Begin PBXBuildFile section */
		D1F7A89B19F2D7E7001D1CA3 /* main.m in Sources */ = {isa = PBXBuildFile; fileRef = D1F7A89A19F2D7E7001D1CA3 /* main.m */; };
		D1F7A89E19F2D7E7001D1CA3 /* AppDelegate.m in Sources */ = {isa = PBXBuildFile; fileRef = D1F7A89D19F2D7E7001D1CA3 /* AppDelegate.m */; };
		D1F7A8A119F2D7E7001D1CA3 /* ViewController.m in Sources */ = {isa = PBXBuildFile; fileRef = D1F7A8A019F2D7E7001D1CA3 /* ViewController.m */; };
		D1F7A8A419F2D7E7001D1CA3 /* Main.storyboard in Resources */ = {isa = PBXBuildFile; fileRef = D1F7A8A219F2D7E7001D1CA3 /* Main.storyboard */; };
		D1F7A8A619F2D7E7001D1CA3 /* Images.xcassets in Resources */ = {isa = PBXBuildFile; fileRef = D1F7A8A519F2D7E7001D1CA3 /* Images.xcassets */; };
		D1F7A8A919F2D7E7001D1CA3 /* LaunchScreen.xib in Resources */ = {isa = PBXBuildFile; fileRef = D1F7A8A719F2D7E7001D1CA3 /* LaunchScreen.xib */; };
		D1F7A8B519F2D7E7001D1CA3 /* iAd_ExampleTests.m in Sources */ = {isa = PBXBuildFile; fileRef = D1F7A8B419F2D7E7001D1CA3 /* iAd_ExampleTests.m */; };
		D1F7A8C019F2D9EA001D1CA3 /* AdSupport.framework in Frameworks */ = {isa = PBXBuildFile; fileRef = D1F7A8BE19F2D9EA001D1CA3 /* AdSupport.framework */; };
		D1F7A8C119F2D9EA001D1CA3 /* iAd.framework in Frameworks */ = {isa = PBXBuildFile; fileRef = D1F7A8BF19F2D9EA001D1CA3 /* iAd.framework */; };
/* End PBXBuildFile section */

/* Begin PBXContainerItemProxy section */
		D1F7A8AF19F2D7E7001D1CA3 /* PBXContainerItemProxy */ = {
			isa = PBXContainerItemProxy;
			containerPortal = D1F7A88D19F2D7E6001D1CA3 /* Project object */;
			proxyType = 1;
			remoteGlobalIDString = D1F7A89419F2D7E7001D1CA3;
			remoteInfo = "iAd Example";
		};
/* End PBXContainerItemProxy section */

/* Begin PBXFileReference section */
		D1F7A89519F2D7E7001D1CA3 /* iAd Example.app */ = {isa = PBXFileReference; explicitFileType = wrapper.application; includeInIndex = 0; path = "iAd Example.app"; sourceTree = BUILT_PRODUCTS_DIR; };
		D1F7A89919F2D7E7001D1CA3 /* Info.plist */ = {isa = PBXFileReference; lastKnownFileType = text.plist.xml; path = Info.plist; sourceTree = "<group>"; };
		D1F7A89A19F2D7E7001D1CA3 /* main.m */ = {isa = PBXFileReference; lastKnownFileType = sourcecode.c.objc; path = main.m; sourceTree = "<group>"; };
		D1F7A89C19F2D7E7001D1CA3 /* AppDelegate.h */ = {isa = PBXFileReference; lastKnownFileType = sourcecode.c.h; path = AppDelegate.h; sourceTree = "<group>"; };
		D1F7A89D19F2D7E7001D1CA3 /* AppDelegate.m */ = {isa = PBXFileReference; lastKnownFileType = sourcecode.c.objc; path = AppDelegate.m; sourceTree = "<group>"; };
		D1F7A89F19F2D7E7001D1CA3 /* ViewController.h */ = {isa = PBXFileReference; lastKnownFileType = sourcecode.c.h; path = ViewController.h; sourceTree = "<group>"; };
		D1F7A8A019F2D7E7001D1CA3 /* ViewController.m */ = {isa = PBXFileReference; lastKnownFileType = sourcecode.c.objc; path = ViewController.m; sourceTree = "<group>"; };
		D1F7A8A319F2D7E7001D1CA3 /* Base */ = {isa = PBXFileReference; lastKnownFileType = file.storyboard; name = Base; path = Base.lproj/Main.storyboard; sourceTree = "<group>"; };
		D1F7A8A519F2D7E7001D1CA3 /* Images.xcassets */ = {isa = PBXFileReference; lastKnownFileType = folder.assetcatalog; path = Images.xcassets; sourceTree = "<group>"; };
		D1F7A8A819F2D7E7001D1CA3 /* Base */ = {isa = PBXFileReference; lastKnownFileType = file.xib; name = Base; path = Base.lproj/LaunchScreen.xib; sourceTree = "<group>"; };
		D1F7A8AE19F2D7E7001D1CA3 /* iAd ExampleTests.xctest */ = {isa = PBXFileReference; explicitFileType = wrapper.cfbundle; includeInIndex = 0; path = "iAd ExampleTests.xctest"; sourceTree = BUILT_PRODUCTS_DIR; };
		D1F7A8B319F2D7E7001D1CA3 /* Info.plist */ = {isa = PBXFileReference; lastKnownFileType = text.plist.xml; path = Info.plist; sourceTree = "<group>"; };
		D1F7A8B419F2D7E7001D1CA3 /* iAd_ExampleTests.m */ = {isa = PBXFileReference; lastKnownFileType = sourcecode.c.objc; path = iAd_ExampleTests.m; sourceTree = "<group>"; };
		D1F7A8BE19F2D9EA001D1CA3 /* AdSupport.framework */ = {isa = PBXFileReference; lastKnownFileType = wrapper.framework; name = AdSupport.framework; path = System/Library/Frameworks/AdSupport.framework; sourceTree = SDKROOT; };
		D1F7A8BF19F2D9EA001D1CA3 /* iAd.framework */ = {isa = PBXFileReference; lastKnownFileType = wrapper.framework; name = iAd.framework; path = System/Library/Frameworks/iAd.framework; sourceTree = SDKROOT; };
/* End PBXFileReference section */

/* Begin PBXFrameworksBuildPhase section */
		D1F7A89219F2D7E7001D1CA3 /* Frameworks */ = {
			isa = PBXFrameworksBuildPhase;
			buildActionMask = 2147483647;
			files = (
				D1F7A8C019F2D9EA001D1CA3 /* AdSupport.framework in Frameworks */,
				D1F7A8C119F2D9EA001D1CA3 /* iAd.framework in Frameworks */,
			);
			runOnlyForDeploymentPostprocessing = 0;
		};
		D1F7A8AB19F2D7E7001D1CA3 /* Frameworks */ = {
			isa = PBXFrameworksBuildPhase;
			buildActionMask = 2147483647;
			files = (
			);
			runOnlyForDeploymentPostprocessing = 0;
		};
/* End PBXFrameworksBuildPhase section */

/* Begin PBXGroup section */
		D1F7A88C19F2D7E6001D1CA3 = {
			isa = PBXGroup;
			children = (
				D1F7A89719F2D7E7001D1CA3 /* iAd Example */,
				D1F7A8B119F2D7E7001D1CA3 /* iAd ExampleTests */,
				D1F7A89619F2D7E7001D1CA3 /* Products */,
			);
			sourceTree = "<group>";
		};
		D1F7A89619F2D7E7001D1CA3 /* Products */ = {
			isa = PBXGroup;
			children = (
				D1F7A89519F2D7E7001D1CA3 /* iAd Example.app */,
				D1F7A8AE19F2D7E7001D1CA3 /* iAd ExampleTests.xctest */,
			);
			name = Products;
			sourceTree = "<group>";
		};
		D1F7A89719F2D7E7001D1CA3 /* iAd Example */ = {
			isa = PBXGroup;
			children = (
				D1F7A89C19F2D7E7001D1CA3 /* AppDelegate.h */,
				D1F7A89D19F2D7E7001D1CA3 /* AppDelegate.m */,
				D1F7A89F19F2D7E7001D1CA3 /* ViewController.h */,
				D1F7A8A019F2D7E7001D1CA3 /* ViewController.m */,
				D1F7A8A219F2D7E7001D1CA3 /* Main.storyboard */,
				D1F7A8A519F2D7E7001D1CA3 /* Images.xcassets */,
				D1F7A8A719F2D7E7001D1CA3 /* LaunchScreen.xib */,
				D1F7A89819F2D7E7001D1CA3 /* Supporting Files */,
			);
			path = "iAd Example";
			sourceTree = "<group>";
		};
		D1F7A89819F2D7E7001D1CA3 /* Supporting Files */ = {
			isa = PBXGroup;
			children = (
				D1F7A8BE19F2D9EA001D1CA3 /* AdSupport.framework */,
				D1F7A8BF19F2D9EA001D1CA3 /* iAd.framework */,
				D1F7A89919F2D7E7001D1CA3 /* Info.plist */,
				D1F7A89A19F2D7E7001D1CA3 /* main.m */,
			);
			name = "Supporting Files";
			sourceTree = "<group>";
		};
		D1F7A8B119F2D7E7001D1CA3 /* iAd ExampleTests */ = {
			isa = PBXGroup;
			children = (
				D1F7A8B419F2D7E7001D1CA3 /* iAd_ExampleTests.m */,
				D1F7A8B219F2D7E7001D1CA3 /* Supporting Files */,
			);
			path = "iAd ExampleTests";
			sourceTree = "<group>";
		};
		D1F7A8B219F2D7E7001D1CA3 /* Supporting Files */ = {
			isa = PBXGroup;
			children = (
				D1F7A8B319F2D7E7001D1CA3 /* Info.plist */,
			);
			name = "Supporting Files";
			sourceTree = "<group>";
		};
/* End PBXGroup section */

/* Begin PBXNativeTarget section */
		D1F7A89419F2D7E7001D1CA3 /* iAd Example */ = {
			isa = PBXNativeTarget;
			buildConfigurationList = D1F7A8B819F2D7E7001D1CA3 /* Build configuration list for PBXNativeTarget "iAd Example" */;
			buildPhases = (
				D1F7A89119F2D7E7001D1CA3 /* Sources */,
				D1F7A89219F2D7E7001D1CA3 /* Frameworks */,
				D1F7A89319F2D7E7001D1CA3 /* Resources */,
			);
			buildRules = (
			);
			dependencies = (
			);
			name = "iAd Example";
			productName = "iAd Example";
			productReference = D1F7A89519F2D7E7001D1CA3 /* iAd Example.app */;
			productType = "com.apple.product-type.application";
		};
		D1F7A8AD19F2D7E7001D1CA3 /* iAd ExampleTests */ = {
			isa = PBXNativeTarget;
			buildConfigurationList = D1F7A8BB19F2D7E7001D1CA3 /* Build configuration list for PBXNativeTarget "iAd ExampleTests" */;
			buildPhases = (
				D1F7A8AA19F2D7E7001D1CA3 /* Sources */,
				D1F7A8AB19F2D7E7001D1CA3 /* Frameworks */,
				D1F7A8AC19F2D7E7001D1CA3 /* Resources */,
			);
			buildRules = (
			);
			dependencies = (
				D1F7A8B019F2D7E7001D1CA3 /* PBXTargetDependency */,
			);
			name = "iAd ExampleTests";
			productName = "iAd ExampleTests";
			productReference = D1F7A8AE19F2D7E7001D1CA3 /* iAd ExampleTests.xctest */;
			productType = "com.apple.product-type.bundle.unit-test";
		};
/* End PBXNativeTarget section */

/* Begin PBXProject section */
		D1F7A88D19F2D7E6001D1CA3 /* Project object */ = {
			isa = PBXProject;
			attributes = {
				LastUpgradeCheck = 0600;
				ORGANIZATIONNAME = Smartplace;
				TargetAttributes = {
					D1F7A89419F2D7E7001D1CA3 = {
						CreatedOnToolsVersion = 6.0.1;
					};
					D1F7A8AD19F2D7E7001D1CA3 = {
						CreatedOnToolsVersion = 6.0.1;
						TestTargetID = D1F7A89419F2D7E7001D1CA3;
					};
				};
			};
			buildConfigurationList = D1F7A89019F2D7E6001D1CA3 /* Build configuration list for PBXProject "iAd Example" */;
			compatibilityVersion = "Xcode 3.2";
			developmentRegion = English;
			hasScannedForEncodings = 0;
			knownRegions = (
				en,
				Base,
			);
			mainGroup = D1F7A88C19F2D7E6001D1CA3;
			productRefGroup = D1F7A89619F2D7E7001D1CA3 /* Products */;
			projectDirPath = "";
			projectRoot = "";
			targets = (
				D1F7A89419F2D7E7001D1CA3 /* iAd Example */,
				D1F7A8AD19F2D7E7001D1CA3 /* iAd ExampleTests */,
			);
		};
/* End PBXProject section */

/* Begin PBXResourcesBuildPhase section */
		D1F7A89319F2D7E7001D1CA3 /* Resources */ = {
			isa = PBXResourcesBuildPhase;
			buildActionMask = 2147483647;
			files = (
				D1F7A8A419F2D7E7001D1CA3 /* Main.storyboard in Resources */,
				D1F7A8A919F2D7E7001D1CA3 /* LaunchScreen.xib in Resources */,
				D1F7A8A619F2D7E7001D1CA3 /* Images.xcassets in Resources */,
			);
			runOnlyForDeploymentPostprocessing = 0;
		};
		D1F7A8AC19F2D7E7001D1CA3 /* Resources */ = {
			isa = PBXResourcesBuildPhase;
			buildActionMask = 2147483647;
			files = (
			);
			runOnlyForDeploymentPostprocessing = 0;
		};
/* End PBXResourcesBuildPhase section */

/* Begin PBXSourcesBuildPhase section */
		D1F7A89119F2D7E7001D1CA3 /* Sources */ = {
			isa = PBXSourcesBuildPhase;
			buildActionMask = 2147483647;
			files = (
				D1F7A8A119F2D7E7001D1CA3 /* ViewController.m in Sources */,
				D1F7A89E19F2D7E7001D1CA3 /* AppDelegate.m in Sources */,
				D1F7A89B19F2D7E7001D1CA3 /* main.m in Sources */,
			);
			runOnlyForDeploymentPostprocessing = 0;
		};
		D1F7A8AA19F2D7E7001D1CA3 /* Sources */ = {
			isa = PBXSourcesBuildPhase;
			buildActionMask = 2147483647;
			files = (
				D1F7A8B519F2D7E7001D1CA3 /* iAd_ExampleTests.m in Sources */,
			);
			runOnlyForDeploymentPostprocessing = 0;
		};
/* End PBXSourcesBuildPhase section */

/* Begin PBXTargetDependency section */
		D1F7A8B019F2D7E7001D1CA3 /* PBXTargetDependency */ = {
			isa = PBXTargetDependency;
			target = D1F7A89419F2D7E7001D1CA3 /* iAd Example */;
			targetProxy = D1F7A8AF19F2D7E7001D1CA3 /* PBXContainerItemProxy */;
		};
/* End PBXTargetDependency section */

/* Begin PBXVariantGroup section */
		D1F7A8A219F2D7E7001D1CA3 /* Main.storyboard */ = {
			isa = PBXVariantGroup;
			children = (
				D1F7A8A319F2D7E7001D1CA3 /* Base */,
			);
			name = Main.storyboard;
			sourceTree = "<group>";
		};
		D1F7A8A719F2D7E7001D1CA3 /* LaunchScreen.xib */ = {
			isa = PBXVariantGroup;
			children = (
				D1F7A8A819F2D7E7001D1CA3 /* Base */,
			);
			name = LaunchScreen.xib;
			sourceTree = "<group>";
		};
/* End PBXVariantGroup section */

/* Begin XCBuildConfiguration section */
		D1F7A8B619F2D7E7001D1CA3 /* Debug */ = {
			isa = XCBuildConfiguration;
			buildSettings = {
				ALWAYS_SEARCH_USER_PATHS = NO;
				CLANG_CXX_LANGUAGE_STANDARD = "gnu++0x";
				CLANG_CXX_LIBRARY = "libc++";
				CLANG_ENABLE_MODULES = YES;
				CLANG_ENABLE_OBJC_ARC = YES;
				CLANG_WARN_BOOL_CONVERSION = YES;
				CLANG_WARN_CONSTANT_CONVERSION = YES;
				CLANG_WARN_DIRECT_OBJC_ISA_USAGE = YES_ERROR;
				CLANG_WARN_EMPTY_BODY = YES;
				CLANG_WARN_ENUM_CONVERSION = YES;
				CLANG_WARN_INT_CONVERSION = YES;
				CLANG_WARN_OBJC_ROOT_CLASS = YES_ERROR;
				CLANG_WARN_UNREACHABLE_CODE = YES;
				CLANG_WARN__DUPLICATE_METHOD_MATCH = YES;
				"CODE_SIGN_IDENTITY[sdk=iphoneos*]" = "iPhone Developer";
				COPY_PHASE_STRIP = NO;
				ENABLE_STRICT_OBJC_MSGSEND = YES;
				GCC_C_LANGUAGE_STANDARD = gnu99;
				GCC_DYNAMIC_NO_PIC = NO;
				GCC_OPTIMIZATION_LEVEL = 0;
				GCC_PREPROCESSOR_DEFINITIONS = (
					"DEBUG=1",
					"$(inherited)",
				);
				GCC_SYMBOLS_PRIVATE_EXTERN = NO;
				GCC_WARN_64_TO_32_BIT_CONVERSION = YES;
				GCC_WARN_ABOUT_RETURN_TYPE = YES_ERROR;
				GCC_WARN_UNDECLARED_SELECTOR = YES;
				GCC_WARN_UNINITIALIZED_AUTOS = YES_AGGRESSIVE;
				GCC_WARN_UNUSED_FUNCTION = YES;
				GCC_WARN_UNUSED_VARIABLE = YES;
				IPHONEOS_DEPLOYMENT_TARGET = 8.0;
				MTL_ENABLE_DEBUG_INFO = YES;
				ONLY_ACTIVE_ARCH = YES;
				SDKROOT = iphoneos;
			};
			name = Debug;
		};
		D1F7A8B719F2D7E7001D1CA3 /* Release */ = {
			isa = XCBuildConfiguration;
			buildSettings = {
				ALWAYS_SEARCH_USER_PATHS = NO;
				CLANG_CXX_LANGUAGE_STANDARD = "gnu++0x";
				CLANG_CXX_LIBRARY = "libc++";
				CLANG_ENABLE_MODULES = YES;
				CLANG_ENABLE_OBJC_ARC = YES;
				CLANG_WARN_BOOL_CONVERSION = YES;
				CLANG_WARN_CONSTANT_CONVERSION = YES;
				CLANG_WARN_DIRECT_OBJC_ISA_USAGE = YES_ERROR;
				CLANG_WARN_EMPTY_BODY = YES;
				CLANG_WARN_ENUM_CONVERSION = YES;
				CLANG_WARN_INT_CONVERSION = YES;
				CLANG_WARN_OBJC_ROOT_CLASS = YES_ERROR;
				CLANG_WARN_UNREACHABLE_CODE = YES;
				CLANG_WARN__DUPLICATE_METHOD_MATCH = YES;
				"CODE_SIGN_IDENTITY[sdk=iphoneos*]" = "iPhone Developer";
				COPY_PHASE_STRIP = YES;
				ENABLE_NS_ASSERTIONS = NO;
				ENABLE_STRICT_OBJC_MSGSEND = YES;
				GCC_C_LANGUAGE_STANDARD = gnu99;
				GCC_WARN_64_TO_32_BIT_CONVERSION = YES;
				GCC_WARN_ABOUT_RETURN_TYPE = YES_ERROR;
				GCC_WARN_UNDECLARED_SELECTOR = YES;
				GCC_WARN_UNINITIALIZED_AUTOS = YES_AGGRESSIVE;
				GCC_WARN_UNUSED_FUNCTION = YES;
				GCC_WARN_UNUSED_VARIABLE = YES;
				IPHONEOS_DEPLOYMENT_TARGET = 8.0;
				MTL_ENABLE_DEBUG_INFO = NO;
				SDKROOT = iphoneos;
				VALIDATE_PRODUCT = YES;
			};
			name = Release;
		};
		D1F7A8B919F2D7E7001D1CA3 /* Debug */ = {
			isa = XCBuildConfiguration;
			buildSettings = {
				ASSETCATALOG_COMPILER_APPICON_NAME = AppIcon;
				INFOPLIST_FILE = "iAd Example/Info.plist";
				LD_RUNPATH_SEARCH_PATHS = "$(inherited) @executable_path/Frameworks";
				PRODUCT_NAME = "$(TARGET_NAME)";
			};
			name = Debug;
		};
		D1F7A8BA19F2D7E7001D1CA3 /* Release */ = {
			isa = XCBuildConfiguration;
			buildSettings = {
				ASSETCATALOG_COMPILER_APPICON_NAME = AppIcon;
				INFOPLIST_FILE = "iAd Example/Info.plist";
				LD_RUNPATH_SEARCH_PATHS = "$(inherited) @executable_path/Frameworks";
				PRODUCT_NAME = "$(TARGET_NAME)";
			};
			name = Release;
		};
		D1F7A8BC19F2D7E7001D1CA3 /* Debug */ = {
			isa = XCBuildConfiguration;
			buildSettings = {
				BUNDLE_LOADER = "$(TEST_HOST)";
				FRAMEWORK_SEARCH_PATHS = (
					"$(SDKROOT)/Developer/Library/Frameworks",
					"$(inherited)",
				);
				GCC_PREPROCESSOR_DEFINITIONS = (
					"DEBUG=1",
					"$(inherited)",
				);
				INFOPLIST_FILE = "iAd ExampleTests/Info.plist";
				LD_RUNPATH_SEARCH_PATHS = "$(inherited) @executable_path/Frameworks @loader_path/Frameworks";
				PRODUCT_NAME = "$(TARGET_NAME)";
				TEST_HOST = "$(BUILT_PRODUCTS_DIR)/iAd Example.app/iAd Example";
			};
			name = Debug;
		};
		D1F7A8BD19F2D7E7001D1CA3 /* Release */ = {
			isa = XCBuildConfiguration;
			buildSettings = {
				BUNDLE_LOADER = "$(TEST_HOST)";
				FRAMEWORK_SEARCH_PATHS = (
					"$(SDKROOT)/Developer/Library/Frameworks",
					"$(inherited)",
				);
				INFOPLIST_FILE = "iAd ExampleTests/Info.plist";
				LD_RUNPATH_SEARCH_PATHS = "$(inherited) @executable_path/Frameworks @loader_path/Frameworks";
				PRODUCT_NAME = "$(TARGET_NAME)";
				TEST_HOST = "$(BUILT_PRODUCTS_DIR)/iAd Example.app/iAd Example";
			};
			name = Release;
		};
/* End XCBuildConfiguration section */

/* Begin XCConfigurationList section */
		D1F7A89019F2D7E6001D1CA3 /* Build configuration list for PBXProject "iAd Example" */ = {
			isa = XCConfigurationList;
			buildConfigurations = (
				D1F7A8B619F2D7E7001D1CA3 /* Debug */,
				D1F7A8B719F2D7E7001D1CA3 /* Release */,
			);
			defaultConfigurationIsVisible = 0;
			defaultConfigurationName = Release;
		};
		D1F7A8B819F2D7E7001D1CA3 /* Build configuration list for PBXNativeTarget "iAd Example" */ = {
			isa = XCConfigurationList;
			buildConfigurations = (
				D1F7A8B919F2D7E7001D1CA3 /* Debug */,
				D1F7A8BA19F2D7E7001D1CA3 /* Release */,
			);
			defaultConfigurationIsVisible = 0;
		};
		D1F7A8BB19F2D7E7001D1CA3 /* Build configuration list for PBXNativeTarget "iAd ExampleTests" */ = {
			isa = XCConfigurationList;
			buildConfigurations = (
				D1F7A8BC19F2D7E7001D1CA3 /* Debug */,
				D1F7A8BD19F2D7E7001D1CA3 /* Release */,
			);
			defaultConfigurationIsVisible = 0;
		};
/* End XCConfigurationList section */
	};
	rootObject = D1F7A88D19F2D7E6001D1CA3 /* Project object */;
}
